
Microsoft Visual Studio Solution File, Format Version 12.00
# Visual Studio Version 17
VisualStudioVersion = 17.2.32630.192
MinimumVisualStudioVersion = 10.0.40219.1
Project("{FAE04EC0-301F-11D3-BF4B-00C04F79EFBC}") = "TimeConverter", "TimeConverter\TimeConverter.csproj", "{301114C2-E206-4985-A377-9D4E2DFA8DB5}"
EndProject
Global
	GlobalSection(SolutionConfigurationPlatforms) = preSolution
		Debug|Any CPU = Debug|Any CPU
		Release|Any CPU = Release|Any CPU
	EndGlobalSection
	GlobalSection(ProjectConfigurationPlatforms) = postSolution
		{301114C2-E206-4985-A377-9D4E2DFA8DB5}.Debug|Any CPU.ActiveCfg = Debug|Any CPU
		{301114C2-E206-4985-A377-9D4E2DFA8DB5}.Debug|Any CPU.Build.0 = Debug|Any CPU
		{301114C2-E206-4985-A377-9D4E2DFA8DB5}.Release|Any CPU.ActiveCfg = Release|Any CPU
		{301114C2-E206-4985-A377-9D4E2DFA8DB5}.Release|Any CPU.Build.0 = Release|Any CPU
	EndGlobalSection
	GlobalSection(SolutionProperties) = preSolution
		HideSolutionNode = FALSE
	EndGlobalSection
	GlobalSection(ExtensibilityGlobals) = postSolution
		SolutionGuid = {D0D1A01A-199A-4A44-8ED1-9B6F00365D29}
	EndGlobalSection
EndGlobal
